// !$*UTF8*$!
{
	archiveVersion = 1;
	classes = {
	};
	objectVersion = 48;
	objects = {

/* Begin PBXBuildFile section */
		655185FF2032E68A005F2C32 /* AppDelegate.swift in Sources */ = {isa = PBXBuildFile; fileRef = 655185FE2032E68A005F2C32 /* AppDelegate.swift */; };
		655186042032E68A005F2C32 /* Main.storyboard in Resources */ = {isa = PBXBuildFile; fileRef = 655186022032E68A005F2C32 /* Main.storyboard */; };
		655186062032E68A005F2C32 /* Assets.xcassets in Resources */ = {isa = PBXBuildFile; fileRef = 655186052032E68A005F2C32 /* Assets.xcassets */; };
		655186092032E68A005F2C32 /* LaunchScreen.storyboard in Resources */ = {isa = PBXBuildFile; fileRef = 655186072032E68A005F2C32 /* LaunchScreen.storyboard */; };
		655186112032EDDA005F2C32 /* BookTableViewController.swift in Sources */ = {isa = PBXBuildFile; fileRef = 655186102032EDDA005F2C32 /* BookTableViewController.swift */; };
		6551861320331FF0005F2C32 /* bookTableViewCell.swift in Sources */ = {isa = PBXBuildFile; fileRef = 6551861220331FF0005F2C32 /* bookTableViewCell.swift */; };
/* End PBXBuildFile section */

/* Begin PBXFileReference section */
		655185FB2032E68A005F2C32 /* BookApp.app */ = {isa = PBXFileReference; explicitFileType = wrapper.application; includeInIndex = 0; path = BookApp.app; sourceTree = BUILT_PRODUCTS_DIR; };
		655185FE2032E68A005F2C32 /* AppDelegate.swift */ = {isa = PBXFileReference; lastKnownFileType = sourcecode.swift; path = AppDelegate.swift; sourceTree = "<group>"; };
		655186032032E68A005F2C32 /* Base */ = {isa = PBXFileReference; lastKnownFileType = file.storyboard; name = Base; path = Base.lproj/Main.storyboard; sourceTree = "<group>"; };
		655186052032E68A005F2C32 /* Assets.xcassets */ = {isa = PBXFileReference; lastKnownFileType = folder.assetcatalog; path = Assets.xcassets; sourceTree = "<group>"; };
		655186082032E68A005F2C32 /* Base */ = {isa = PBXFileReference; lastKnownFileType = file.storyboard; name = Base; path = Base.lproj/LaunchScreen.storyboard; sourceTree = "<group>"; };
		6551860A2032E68A005F2C32 /* Info.plist */ = {isa = PBXFileReference; lastKnownFileType = text.plist.xml; path = Info.plist; sourceTree = "<group>"; };
		655186102032EDDA005F2C32 /* BookTableViewController.swift */ = {isa = PBXFileReference; lastKnownFileType = sourcecode.swift; path = BookTableViewController.swift; sourceTree = "<group>"; };
		6551861220331FF0005F2C32 /* bookTableViewCell.swift */ = {isa = PBXFileReference; lastKnownFileType = sourcecode.swift; path = bookTableViewCell.swift; sourceTree = "<group>"; };
/* End PBXFileReference section */

/* Begin PBXFrameworksBuildPhase section */
		655185F82032E68A005F2C32 /* Frameworks */ = {
			isa = PBXFrameworksBuildPhase;
			buildActionMask = 2147483647;
			files = (
			);
			runOnlyForDeploymentPostprocessing = 0;
		};
/* End PBXFrameworksBuildPhase section */

/* Begin PBXGroup section */
		655185F22032E68A005F2C32 = {
			isa = PBXGroup;
			children = (
				655185FD2032E68A005F2C32 /* BookApp */,
				655185FC2032E68A005F2C32 /* Products */,
			);
			sourceTree = "<group>";
		};
		655185FC2032E68A005F2C32 /* Products */ = {
			isa = PBXGroup;
			children = (
				655185FB2032E68A005F2C32 /* BookApp.app */,
			);
			name = Products;
			sourceTree = "<group>";
		};
		655185FD2032E68A005F2C32 /* BookApp */ = {
			isa = PBXGroup;
			children = (
				655185FE2032E68A005F2C32 /* AppDelegate.swift */,
				655186022032E68A005F2C32 /* Main.storyboard */,
				655186052032E68A005F2C32 /* Assets.xcassets */,
				655186072032E68A005F2C32 /* LaunchScreen.storyboard */,
				6551860A2032E68A005F2C32 /* Info.plist */,
				655186102032EDDA005F2C32 /* BookTableViewController.swift */,
				6551861220331FF0005F2C32 /* bookTableViewCell.swift */,
			);
			path = BookApp;
			sourceTree = "<group>";
		};
/* End PBXGroup section */

/* Begin PBXNativeTarget section */
		655185FA2032E68A005F2C32 /* BookApp */ = {
			isa = PBXNativeTarget;
			buildConfigurationList = 6551860D2032E68A005F2C32 /* Build configuration list for PBXNativeTarget "BookApp" */;
			buildPhases = (
				655185F72032E68A005F2C32 /* Sources */,
				655185F82032E68A005F2C32 /* Frameworks */,
				655185F92032E68A005F2C32 /* Resources */,
			);
			buildRules = (
			);
			dependencies = (
			);
			name = BookApp;
			productName = BookApp;
			productReference = 655185FB2032E68A005F2C32 /* BookApp.app */;
			productType = "com.apple.product-type.application";
		};
/* End PBXNativeTarget section */

/* Begin PBXProject section */
		655185F32032E68A005F2C32 /* Project object */ = {
			isa = PBXProject;
			attributes = {
				LastSwiftUpdateCheck = 0920;
				LastUpgradeCheck = 0920;
				ORGANIZATIONNAME = Grace;
				TargetAttributes = {
					655185FA2032E68A005F2C32 = {
						CreatedOnToolsVersion = 9.2;
						ProvisioningStyle = Automatic;
					};
				};
			};
			buildConfigurationList = 655185F62032E68A005F2C32 /* Build configuration list for PBXProject "BookApp" */;
			compatibilityVersion = "Xcode 8.0";
			developmentRegion = en;
			hasScannedForEncodings = 0;
			knownRegions = (
				en,
				Base,
			);
			mainGroup = 655185F22032E68A005F2C32;
			productRefGroup = 655185FC2032E68A005F2C32 /* Products */;
			projectDirPath = "";
			projectRoot = "";
			targets = (
				655185FA2032E68A005F2C32 /* BookApp */,
			);
		};
/* End PBXProject section */

/* Begin PBXResourcesBuildPhase section */
		655185F92032E68A005F2C32 /* Resources */ = {
			isa = PBXResourcesBuildPhase;
			buildActionMask = 2147483647;
			files = (
				655186092032E68A005F2C32 /* LaunchScreen.storyboard in Resources */,
				655186062032E68A005F2C32 /* Assets.xcassets in Resources */,
				655186042032E68A005F2C32 /* Main.storyboard in Resources */,
			);
			runOnlyForDeploymentPostprocessing = 0;
		};
/* End PBXResourcesBuildPhase section */

/* Begin PBXSourcesBuildPhase section */
		655185F72032E68A005F2C32 /* Sources */ = {
			isa = PBXSourcesBuildPhase;
			buildActionMask = 2147483647;
			files = (
				6551861320331FF0005F2C32 /* bookTableViewCell.swift in Sources */,
				655186112032EDDA005F2C32 /* BookTableViewController.swift in Sources */,
				655185FF2032E68A005F2C32 /* AppDelegate.swift in Sources */,
			);
			runOnlyForDeploymentPostprocessing = 0;
		};
/* End PBXSourcesBuildPhase section */

/* Begin PBXVariantGroup section */
		655186022032E68A005F2C32 /* Main.storyboard */ = {
			isa = PBXVariantGroup;
			children = (
				655186032032E68A005F2C32 /* Base */,
			);
			name = Main.storyboard;
			sourceTree = "<group>";
		};
		655186072032E68A005F2C32 /* LaunchScreen.storyboard */ = {
			isa = PBXVariantGroup;
			children = (
				655186082032E68A005F2C32 /* Base */,
			);
			name = LaunchScreen.storyboard;
			sourceTree = "<group>";
		};
/* End PBXVariantGroup section */

/* Begin XCBuildConfiguration section */
		6551860B2032E68A005F2C32 /* Debug */ = {
			isa = XCBuildConfiguration;
			buildSettings = {
				ALWAYS_SEARCH_USER_PATHS = NO;
				CLANG_ANALYZER_NONNULL = YES;
				CLANG_ANALYZER_NUMBER_OBJECT_CONVERSION = YES_AGGRESSIVE;
				CLANG_CXX_LANGUAGE_STANDARD = "gnu++14";
				CLANG_CXX_LIBRARY = "libc++";
				CLANG_ENABLE_MODULES = YES;
				CLANG_ENABLE_OBJC_ARC = YES;
				CLANG_WARN_BLOCK_CAPTURE_AUTORELEASING = YES;
				CLANG_WARN_BOOL_CONVERSION = YES;
				CLANG_WARN_COMMA = YES;
				CLANG_WARN_CONSTANT_CONVERSION = YES;
				CLANG_WARN_DIRECT_OBJC_ISA_USAGE = YES_ERROR;
				CLANG_WARN_DOCUMENTATION_COMMENTS = YES;
				CLANG_WARN_EMPTY_BODY = YES;
				CLANG_WARN_ENUM_CONVERSION = YES;
				CLANG_WARN_INFINITE_RECURSION = YES;
				CLANG_WARN_INT_CONVERSION = YES;
				CLANG_WARN_NON_LITERAL_NULL_CONVERSION = YES;
				CLANG_WARN_OBJC_LITERAL_CONVERSION = YES;
				CLANG_WARN_OBJC_ROOT_CLASS = YES_ERROR;
				CLANG_WARN_RANGE_LOOP_ANALYSIS = YES;
				CLANG_WARN_STRICT_PROTOTYPES = YES;
				CLANG_WARN_SUSPICIOUS_MOVE = YES;
				CLANG_WARN_UNGUARDED_AVAILABILITY = YES_AGGRESSIVE;
				CLANG_WARN_UNREACHABLE_CODE = YES;
				CLANG_WARN__DUPLICATE_METHOD_MATCH = YES;
				CODE_SIGN_IDENTITY = "iPhone Developer";
				COPY_PHASE_STRIP = NO;
				DEBUG_INFORMATION_FORMAT = dwarf;
				ENABLE_STRICT_OBJC_MSGSEND = YES;
				ENABLE_TESTABILITY = YES;
				GCC_C_LANGUAGE_STANDARD = gnu11;
				GCC_DYNAMIC_NO_PIC = NO;
				GCC_NO_COMMON_BLOCKS = YES;
				GCC_OPTIMIZATION_LEVEL = 0;
				GCC_PREPROCESSOR_DEFINITIONS = (
					"DEBUG=1",
					"$(inherited)",
				);
				GCC_WARN_64_TO_32_BIT_CONVERSION = YES;
				GCC_WARN_ABOUT_RETURN_TYPE = YES_ERROR;
				GCC_WARN_UNDECLARED_SELECTOR = YES;
				GCC_WARN_UNINITIALIZED_AUTOS = YES_AGGRESSIVE;
				GCC_WARN_UNUSED_FUNCTION = YES;
				GCC_WARN_UNUSED_VARIABLE = YES;
				IPHONEOS_DEPLOYMENT_TARGET = 11.2;
				MTL_ENABLE_DEBUG_INFO = YES;
				ONLY_ACTIVE_ARCH = YES;
				SDKROOT = iphoneos;
				SWIFT_ACTIVE_COMPILATION_CONDITIONS = DEBUG;
				SWIFT_OPTIMIZATION_LEVEL = "-Onone";
			};
			name = Debug;
		};
		6551860C2032E68A005F2C32 /* Release */ = {
			isa = XCBuildConfiguration;
			buildSettings = {
				ALWAYS_SEARCH_USER_PATHS = NO;
				CLANG_ANALYZER_NONNULL = YES;
				CLANG_ANALYZER_NUMBER_OBJECT_CONVERSION = YES_AGGRESSIVE;
				CLANG_CXX_LANGUAGE_STANDARD = "gnu++14";
				CLANG_CXX_LIBRARY = "libc++";
				CLANG_ENABLE_MODULES = YES;
				CLANG_ENABLE_OBJC_ARC = YES;
				CLANG_WARN_BLOCK_CAPTURE_AUTORELEASING = YES;
				CLANG_WARN_BOOL_CONVERSION = YES;
				CLANG_WARN_COMMA = YES;
				CLANG_WARN_CONSTANT_CONVERSION = YES;
				CLANG_WARN_DIRECT_OBJC_ISA_USAGE = YES_ERROR;
				CLANG_WARN_DOCUMENTATION_COMMENTS = YES;
				CLANG_WARN_EMPTY_BODY = YES;
				CLANG_WARN_ENUM_CONVERSION = YES;
				CLANG_WARN_INFINITE_RECURSION = YES;
				CLANG_WARN_INT_CONVERSION = YES;
				CLANG_WARN_NON_LITERAL_NULL_CONVERSION = YES;
				CLANG_WARN_OBJC_LITERAL_CONVERSION = YES;
				CLANG_WARN_OBJC_ROOT_CLASS = YES_ERROR;
				CLANG_WARN_RANGE_LOOP_ANALYSIS = YES;
				CLANG_WARN_STRICT_PROTOTYPES = YES;
				CLANG_WARN_SUSPICIOUS_MOVE = YES;
				CLANG_WARN_UNGUARDED_AVAILABILITY = YES_AGGRESSIVE;
				CLANG_WARN_UNREACHABLE_CODE = YES;
				CLANG_WARN__DUPLICATE_METHOD_MATCH = YES;
				CODE_SIGN_IDENTITY = "iPhone Developer";
				COPY_PHASE_STRIP = NO;
				DEBUG_INFORMATION_FORMAT = "dwarf-with-dsym";
				ENABLE_NS_ASSERTIONS = NO;
				ENABLE_STRICT_OBJC_MSGSEND = YES;
				GCC_C_LANGUAGE_STANDARD = gnu11;
				GCC_NO_COMMON_BLOCKS = YES;
				GCC_WARN_64_TO_32_BIT_CONVERSION = YES;
				GCC_WARN_ABOUT_RETURN_TYPE = YES_ERROR;
				GCC_WARN_UNDECLARED_SELECTOR = YES;
				GCC_WARN_UNINITIALIZED_AUTOS = YES_AGGRESSIVE;
				GCC_WARN_UNUSED_FUNCTION = YES;
				GCC_WARN_UNUSED_VARIABLE = YES;
				IPHONEOS_DEPLOYMENT_TARGET = 11.2;
				MTL_ENABLE_DEBUG_INFO = NO;
				SDKROOT = iphoneos;
				SWIFT_OPTIMIZATION_LEVEL = "-Owholemodule";
				VALIDATE_PRODUCT = YES;
			};
			name = Release;
		};
		6551860E2032E68A005F2C32 /* Debug */ = {
			isa = XCBuildConfiguration;
			buildSettings = {
				ASSETCATALOG_COMPILER_APPICON_NAME = AppIcon;
				CODE_SIGN_STYLE = Automatic;
				INFOPLIST_FILE = BookApp/Info.plist;
				LD_RUNPATH_SEARCH_PATHS = "$(inherited) @executable_path/Frameworks";
				PRODUCT_BUNDLE_IDENTIFIER = com.grace.BookApp;
				PRODUCT_NAME = "$(TARGET_NAME)";
				SWIFT_VERSION = 4.0;
				TARGETED_DEVICE_FAMILY = "1,2";
			};
			name = Debug;
		};
		6551860F2032E68A005F2C32 /* Release */ = {
			isa = XCBuildConfiguration;
			buildSettings = {
				ASSETCATALOG_COMPILER_APPICON_NAME = AppIcon;
				CODE_SIGN_STYLE = Automatic;
				INFOPLIST_FILE = BookApp/Info.plist;
				LD_RUNPATH_SEARCH_PATHS = "$(inherited) @executable_path/Frameworks";
				PRODUCT_BUNDLE_IDENTIFIER = com.grace.BookApp;
				PRODUCT_NAME = "$(TARGET_NAME)";
				SWIFT_VERSION = 4.0;
				TARGETED_DEVICE_FAMILY = "1,2";
			};
			name = Release;
		};
/* End XCBuildConfiguration section */

/* Begin XCConfigurationList section */
		655185F62032E68A005F2C32 /* Build configuration list for PBXProject "BookApp" */ = {
			isa = XCConfigurationList;
			buildConfigurations = (
				6551860B2032E68A005F2C32 /* Debug */,
				6551860C2032E68A005F2C32 /* Release */,
			);
			defaultConfigurationIsVisible = 0;
			defaultConfigurationName = Release;
		};
		6551860D2032E68A005F2C32 /* Build configuration list for PBXNativeTarget "BookApp" */ = {
			isa = XCConfigurationList;
			buildConfigurations = (
				6551860E2032E68A005F2C32 /* Debug */,
				6551860F2032E68A005F2C32 /* Release */,
			);
			defaultConfigurationIsVisible = 0;
			defaultConfigurationName = Release;
		};
/* End XCConfigurationList section */
	};
	rootObject = 655185F32032E68A005F2C32 /* Project object */;
}
